
Microsoft Visual Studio Solution File, Format Version 12.00
# Visual Studio Version 17
VisualStudioVersion = 17.2.32602.215
MinimumVisualStudioVersion = 10.0.40219.1
Project("{FAE04EC0-301F-11D3-BF4B-00C04F79EFBC}") = "QuartzConsoleAdoJobStore", "QuartzConsoleAdoJobStore\QuartzConsoleAdoJobStore.csproj", "{FEF5EF44-ED12-40CD-96DD-93BF3D2D8689}"
EndProject
Global
	GlobalSection(SolutionConfigurationPlatforms) = preSolution
		Debug|Any CPU = Debug|Any CPU
		Release|Any CPU = Release|Any CPU
	EndGlobalSection
	GlobalSection(ProjectConfigurationPlatforms) = postSolution
		{FEF5EF44-ED12-40CD-96DD-93BF3D2D8689}.Debug|Any CPU.ActiveCfg = Debug|Any CPU
		{FEF5EF44-ED12-40CD-96DD-93BF3D2D8689}.Debug|Any CPU.Build.0 = Debug|Any CPU
		{FEF5EF44-ED12-40CD-96DD-93BF3D2D8689}.Release|Any CPU.ActiveCfg = Release|Any CPU
		{FEF5EF44-ED12-40CD-96DD-93BF3D2D8689}.Release|Any CPU.Build.0 = Release|Any CPU
	EndGlobalSection
	GlobalSection(SolutionProperties) = preSolution
		HideSolutionNode = FALSE
	EndGlobalSection
	GlobalSection(ExtensibilityGlobals) = postSolution
		SolutionGuid = {CEE07D21-40A2-4389-9085-7AB686891736}
	EndGlobalSection
EndGlobal
